# generated by rye
# use `rye lock` or `rye sync` to update this lockfile
#
# last locked with the following flags:
#   pre: false
#   features: []
#   all-features: false
#   with-sources: false

-e file:.
asttokens==2.4.1
    # via stack-data
colorama==0.4.6
    # via ipython
decorator==5.1.1
    # via ipython
executing==2.0.1
    # via stack-data
ipython==8.23.0
jedi==0.19.1
    # via ipython
markdown-it-py==3.0.0
    # via rich
matplotlib-inline==0.1.6
    # via ipython
mdurl==0.1.2
    # via markdown-it-py
numpy==1.26.4
    # via opencv-python
objprint==0.2.3
    # via viztracer
opencv-python==4.9.0.80
    # via video-thumbnail
orjson==3.10.0
    # via viztracer
parso==0.8.4
    # via jedi
prompt-toolkit==3.0.43
    # via ipython
pure-eval==0.2.2
    # via stack-data
pygments==2.17.2
    # via ipython
    # via rich
rich==13.7.1
    # via video-thumbnail
six==1.16.0
    # via asttokens
stack-data==0.6.3
    # via ipython
traitlets==5.14.2
    # via ipython
    # via matplotlib-inline
viztracer==0.16.2
wcwidth==0.2.13
    # via prompt-toolkit
